
Microsoft Visual Studio Solution File, Format Version 12.00
# Visual Studio Version 17
VisualStudioVersion = 17.0.32014.148
MinimumVisualStudioVersion = 10.0.40219.1
Project("{9A19103F-16F7-4668-BE54-9A1E7A4F7556}") = "Enqueuer", "Enqueuer\Enqueuer.csproj", "{00315A55-2885-4FA7-AF49-329CD3D6D913}"
EndProject
Project("{FAE04EC0-301F-11D3-BF4B-00C04F79EFBC}") = "Enqueuer.Data", "Enqueuer.Data\Enqueuer.Data.csproj", "{A34A53CC-F67B-44B5-AFCF-2EECF75F3111}"
EndProject
Global
	GlobalSection(SolutionConfigurationPlatforms) = preSolution
		Debug|Any CPU = Debug|Any CPU
		Release|Any CPU = Release|Any CPU
	EndGlobalSection
	GlobalSection(ProjectConfigurationPlatforms) = postSolution
		{00315A55-2885-4FA7-AF49-329CD3D6D913}.Debug|Any CPU.ActiveCfg = Debug|Any CPU
		{00315A55-2885-4FA7-AF49-329CD3D6D913}.Debug|Any CPU.Build.0 = Debug|Any CPU
		{00315A55-2885-4FA7-AF49-329CD3D6D913}.Release|Any CPU.ActiveCfg = Release|Any CPU
		{00315A55-2885-4FA7-AF49-329CD3D6D913}.Release|Any CPU.Build.0 = Release|Any CPU
		{A34A53CC-F67B-44B5-AFCF-2EECF75F3111}.Debug|Any CPU.ActiveCfg = Debug|Any CPU
		{A34A53CC-F67B-44B5-AFCF-2EECF75F3111}.Debug|Any CPU.Build.0 = Debug|Any CPU
		{A34A53CC-F67B-44B5-AFCF-2EECF75F3111}.Release|Any CPU.ActiveCfg = Release|Any CPU
		{A34A53CC-F67B-44B5-AFCF-2EECF75F3111}.Release|Any CPU.Build.0 = Release|Any CPU
	EndGlobalSection
	GlobalSection(SolutionProperties) = preSolution
		HideSolutionNode = FALSE
	EndGlobalSection
	GlobalSection(ExtensibilityGlobals) = postSolution
		SolutionGuid = {B96C7582-E606-4902-AA5E-FF5464C27568}
	EndGlobalSection
EndGlobal
