
Microsoft Visual Studio Solution File, Format Version 12.00
# Visual Studio Version 17
VisualStudioVersion = 17.1.32319.34
MinimumVisualStudioVersion = 10.0.40219.1
Project("{2150E333-8FDC-42A3-9474-1A3956D46DE8}") = "src", "src", "{A5EEB613-B9D0-4CC5-B03B-A77A502520DB}"
EndProject
Project("{9A19103F-16F7-4668-BE54-9A1E7A4F7556}") = "Enqueuer.Persistence", "src\Enqueuer.Persistence\Enqueuer.Persistence.csproj", "{7C8E0C7C-167D-4142-908C-173B20596AE6}"
EndProject
Project("{9A19103F-16F7-4668-BE54-9A1E7A4F7556}") = "Enqueuer.Services", "src\Enqueuer.Services\Enqueuer.Services.csproj", "{9A7E86C4-8A83-4400-9049-1394FA93DE27}"
EndProject
Project("{2150E333-8FDC-42A3-9474-1A3956D46DE8}") = "test", "test", "{4318B105-138E-4DBC-A46F-9675C1E0448C}"
EndProject
Project("{9A19103F-16F7-4668-BE54-9A1E7A4F7556}") = "Enqueuer.Services.Tests", "tests\Enqueuer.Services.Tests\Enqueuer.Services.Tests.csproj", "{11576868-22DE-4F55-8730-2D759E35AE9E}"
EndProject
Project("{9A19103F-16F7-4668-BE54-9A1E7A4F7556}") = "Enqueuer.Messages.Tests", "tests\Enqueuer.Messages.Tests\Enqueuer.Messages.Tests.csproj", "{63BF682C-1A3A-4ECF-8EB6-352515BC779E}"
EndProject
Project("{2150E333-8FDC-42A3-9474-1A3956D46DE8}") = "Solution Items", "Solution Items", "{B2BB1FBA-0506-412B-A10B-3E9AE935CB98}"
	ProjectSection(SolutionItems) = preProject
		.editorconfig = .editorconfig
	EndProjectSection
EndProject
Project("{9A19103F-16F7-4668-BE54-9A1E7A4F7556}") = "Enqueuer.Telegram.API", "src\Enqueuer.Telegram.API\Enqueuer.Telegram.API.csproj", "{5300BFF3-84E5-4824-948D-A915FF41C4B7}"
EndProject
Project("{9A19103F-16F7-4668-BE54-9A1E7A4F7556}") = "Enqueuer.Telegram.API.Tests", "tests\Enqueuer.Telegram.API.Tests\Enqueuer.Telegram.API.Tests.csproj", "{A8DDD934-B737-4C36-96E7-1735103D3430}"
EndProject
Project("{9A19103F-16F7-4668-BE54-9A1E7A4F7556}") = "Enqueuer.Telegram.Core", "src\Enqueuer.Telegram.Core\Enqueuer.Telegram.Core.csproj", "{1676E349-7334-4790-B4D0-78C73B83220C}"
EndProject
Project("{9A19103F-16F7-4668-BE54-9A1E7A4F7556}") = "Enqueuer.Telegram.Messages", "src\Enqueuer.Telegram.Messages\Enqueuer.Telegram.Messages.csproj", "{6FCBD449-B602-4856-8750-68055E6F4A83}"
EndProject
Project("{9A19103F-16F7-4668-BE54-9A1E7A4F7556}") = "Enqueuer.Telegram.Callbacks", "src\Enqueuer.Telegram.Callbacks\Enqueuer.Telegram.Callbacks.csproj", "{9B8C0187-2ECA-4B5D-B54D-249970DF5F87}"
EndProject
Project("{FAE04EC0-301F-11D3-BF4B-00C04F79EFBC}") = "Enqueuer.Service.API", "src\Enqueuer.Service.API\Enqueuer.Service.API.csproj", "{CFBD2C9B-ECD0-4EBE-B7F2-37036A8132A4}"
EndProject
Global
	GlobalSection(SolutionConfigurationPlatforms) = preSolution
		Debug|Any CPU = Debug|Any CPU
		Release|Any CPU = Release|Any CPU
	EndGlobalSection
	GlobalSection(ProjectConfigurationPlatforms) = postSolution
		{7C8E0C7C-167D-4142-908C-173B20596AE6}.Debug|Any CPU.ActiveCfg = Debug|Any CPU
		{7C8E0C7C-167D-4142-908C-173B20596AE6}.Debug|Any CPU.Build.0 = Debug|Any CPU
		{7C8E0C7C-167D-4142-908C-173B20596AE6}.Release|Any CPU.ActiveCfg = Release|Any CPU
		{7C8E0C7C-167D-4142-908C-173B20596AE6}.Release|Any CPU.Build.0 = Release|Any CPU
		{9A7E86C4-8A83-4400-9049-1394FA93DE27}.Debug|Any CPU.ActiveCfg = Debug|Any CPU
		{9A7E86C4-8A83-4400-9049-1394FA93DE27}.Debug|Any CPU.Build.0 = Debug|Any CPU
		{9A7E86C4-8A83-4400-9049-1394FA93DE27}.Release|Any CPU.ActiveCfg = Release|Any CPU
		{9A7E86C4-8A83-4400-9049-1394FA93DE27}.Release|Any CPU.Build.0 = Release|Any CPU
		{11576868-22DE-4F55-8730-2D759E35AE9E}.Debug|Any CPU.ActiveCfg = Debug|Any CPU
		{11576868-22DE-4F55-8730-2D759E35AE9E}.Debug|Any CPU.Build.0 = Debug|Any CPU
		{11576868-22DE-4F55-8730-2D759E35AE9E}.Release|Any CPU.ActiveCfg = Release|Any CPU
		{11576868-22DE-4F55-8730-2D759E35AE9E}.Release|Any CPU.Build.0 = Release|Any CPU
		{63BF682C-1A3A-4ECF-8EB6-352515BC779E}.Debug|Any CPU.ActiveCfg = Debug|Any CPU
		{63BF682C-1A3A-4ECF-8EB6-352515BC779E}.Debug|Any CPU.Build.0 = Debug|Any CPU
		{63BF682C-1A3A-4ECF-8EB6-352515BC779E}.Release|Any CPU.ActiveCfg = Release|Any CPU
		{63BF682C-1A3A-4ECF-8EB6-352515BC779E}.Release|Any CPU.Build.0 = Release|Any CPU
		{5300BFF3-84E5-4824-948D-A915FF41C4B7}.Debug|Any CPU.ActiveCfg = Debug|Any CPU
		{5300BFF3-84E5-4824-948D-A915FF41C4B7}.Debug|Any CPU.Build.0 = Debug|Any CPU
		{5300BFF3-84E5-4824-948D-A915FF41C4B7}.Release|Any CPU.ActiveCfg = Release|Any CPU
		{5300BFF3-84E5-4824-948D-A915FF41C4B7}.Release|Any CPU.Build.0 = Release|Any CPU
		{A8DDD934-B737-4C36-96E7-1735103D3430}.Debug|Any CPU.ActiveCfg = Debug|Any CPU
		{A8DDD934-B737-4C36-96E7-1735103D3430}.Debug|Any CPU.Build.0 = Debug|Any CPU
		{A8DDD934-B737-4C36-96E7-1735103D3430}.Release|Any CPU.ActiveCfg = Release|Any CPU
		{A8DDD934-B737-4C36-96E7-1735103D3430}.Release|Any CPU.Build.0 = Release|Any CPU
		{1676E349-7334-4790-B4D0-78C73B83220C}.Debug|Any CPU.ActiveCfg = Debug|Any CPU
		{1676E349-7334-4790-B4D0-78C73B83220C}.Debug|Any CPU.Build.0 = Debug|Any CPU
		{1676E349-7334-4790-B4D0-78C73B83220C}.Release|Any CPU.ActiveCfg = Release|Any CPU
		{1676E349-7334-4790-B4D0-78C73B83220C}.Release|Any CPU.Build.0 = Release|Any CPU
		{6FCBD449-B602-4856-8750-68055E6F4A83}.Debug|Any CPU.ActiveCfg = Debug|Any CPU
		{6FCBD449-B602-4856-8750-68055E6F4A83}.Debug|Any CPU.Build.0 = Debug|Any CPU
		{6FCBD449-B602-4856-8750-68055E6F4A83}.Release|Any CPU.ActiveCfg = Release|Any CPU
		{6FCBD449-B602-4856-8750-68055E6F4A83}.Release|Any CPU.Build.0 = Release|Any CPU
		{9B8C0187-2ECA-4B5D-B54D-249970DF5F87}.Debug|Any CPU.ActiveCfg = Debug|Any CPU
		{9B8C0187-2ECA-4B5D-B54D-249970DF5F87}.Debug|Any CPU.Build.0 = Debug|Any CPU
		{9B8C0187-2ECA-4B5D-B54D-249970DF5F87}.Release|Any CPU.ActiveCfg = Release|Any CPU
		{9B8C0187-2ECA-4B5D-B54D-249970DF5F87}.Release|Any CPU.Build.0 = Release|Any CPU
		{CFBD2C9B-ECD0-4EBE-B7F2-37036A8132A4}.Debug|Any CPU.ActiveCfg = Debug|Any CPU
		{CFBD2C9B-ECD0-4EBE-B7F2-37036A8132A4}.Debug|Any CPU.Build.0 = Debug|Any CPU
		{CFBD2C9B-ECD0-4EBE-B7F2-37036A8132A4}.Release|Any CPU.ActiveCfg = Release|Any CPU
		{CFBD2C9B-ECD0-4EBE-B7F2-37036A8132A4}.Release|Any CPU.Build.0 = Release|Any CPU
	EndGlobalSection
	GlobalSection(SolutionProperties) = preSolution
		HideSolutionNode = FALSE
	EndGlobalSection
	GlobalSection(NestedProjects) = preSolution
		{7C8E0C7C-167D-4142-908C-173B20596AE6} = {A5EEB613-B9D0-4CC5-B03B-A77A502520DB}
		{9A7E86C4-8A83-4400-9049-1394FA93DE27} = {A5EEB613-B9D0-4CC5-B03B-A77A502520DB}
		{11576868-22DE-4F55-8730-2D759E35AE9E} = {4318B105-138E-4DBC-A46F-9675C1E0448C}
		{63BF682C-1A3A-4ECF-8EB6-352515BC779E} = {4318B105-138E-4DBC-A46F-9675C1E0448C}
		{5300BFF3-84E5-4824-948D-A915FF41C4B7} = {A5EEB613-B9D0-4CC5-B03B-A77A502520DB}
		{A8DDD934-B737-4C36-96E7-1735103D3430} = {4318B105-138E-4DBC-A46F-9675C1E0448C}
		{1676E349-7334-4790-B4D0-78C73B83220C} = {A5EEB613-B9D0-4CC5-B03B-A77A502520DB}
		{6FCBD449-B602-4856-8750-68055E6F4A83} = {A5EEB613-B9D0-4CC5-B03B-A77A502520DB}
		{9B8C0187-2ECA-4B5D-B54D-249970DF5F87} = {A5EEB613-B9D0-4CC5-B03B-A77A502520DB}
		{CFBD2C9B-ECD0-4EBE-B7F2-37036A8132A4} = {A5EEB613-B9D0-4CC5-B03B-A77A502520DB}
	EndGlobalSection
	GlobalSection(ExtensibilityGlobals) = postSolution
		SolutionGuid = {351A2A60-7B1A-4B59-89E1-62711E231147}
	EndGlobalSection
EndGlobal
